
Microsoft Visual Studio Solution File, Format Version 12.00
# Visual Studio 14
VisualStudioVersion = 14.0.25420.1
MinimumVisualStudioVersion = 10.0.40219.1
Project("{FAE04EC0-301F-11D3-BF4B-00C04F79EFBC}") = "1.1", "Rectangle\1.1.csproj", "{7CEC5B0E-4CC9-4367-9623-D7B2C4DCC539}"
EndProject
Project("{FAE04EC0-301F-11D3-BF4B-00C04F79EFBC}") = "1.2", "Triangle\1.2.csproj", "{9A3D7AA8-53B2-45ED-B4D0-04FF858AD6F4}"
EndProject
Project("{FAE04EC0-301F-11D3-BF4B-00C04F79EFBC}") = "1.3", "AnotherTriangle\1.3.csproj", "{2B95CAAF-E152-421A-85D4-4484C3C93D1F}"
EndProject
Project("{FAE04EC0-301F-11D3-BF4B-00C04F79EFBC}") = "1.4", "1.4\1.4.csproj", "{F2F9C623-6A72-4254-97AE-92E447EA293F}"
EndProject
Project("{FAE04EC0-301F-11D3-BF4B-00C04F79EFBC}") = "1.5", "1.5\1.5.csproj", "{3A36F9CD-6867-44F6-B167-9A1A1A387A6C}"
EndProject
Project("{FAE04EC0-301F-11D3-BF4B-00C04F79EFBC}") = "1.6", "1.6\1.6.csproj", "{1CDB1610-C7AF-4F71-AAF8-813C1FA1029B}"
EndProject
Project("{FAE04EC0-301F-11D3-BF4B-00C04F79EFBC}") = "1.7", "1.7\1.7.csproj", "{98EE9F97-83B7-48A9-A2FD-CFD3DDF3967C}"
EndProject
Project("{FAE04EC0-301F-11D3-BF4B-00C04F79EFBC}") = "1.8", "1.8\1.8.csproj", "{8484A3B7-5E78-43A8-8A20-58103CE1185B}"
EndProject
Project("{FAE04EC0-301F-11D3-BF4B-00C04F79EFBC}") = "1.9", "1.9\1.9.csproj", "{2444B931-8B2A-4746-9450-BE927C5A51DD}"
EndProject
Project("{FAE04EC0-301F-11D3-BF4B-00C04F79EFBC}") = "1.10", "1.10\1.10.csproj", "{94F883B0-7A0D-49CD-A95A-26DEE7D7663D}"
EndProject
Project("{FAE04EC0-301F-11D3-BF4B-00C04F79EFBC}") = "1.11", "1.11\1.11.csproj", "{1CCF2895-AD93-4211-8C56-677540AD8782}"
EndProject
Project("{FAE04EC0-301F-11D3-BF4B-00C04F79EFBC}") = "1.12", "1.12\1.12.csproj", "{12EA6002-5D1D-4F20-8B89-CF494B6EB9FC}"
EndProject
Global
	GlobalSection(SolutionConfigurationPlatforms) = preSolution
		Debug|Any CPU = Debug|Any CPU
		Release|Any CPU = Release|Any CPU
	EndGlobalSection
	GlobalSection(ProjectConfigurationPlatforms) = postSolution
		{7CEC5B0E-4CC9-4367-9623-D7B2C4DCC539}.Debug|Any CPU.ActiveCfg = Debug|Any CPU
		{7CEC5B0E-4CC9-4367-9623-D7B2C4DCC539}.Debug|Any CPU.Build.0 = Debug|Any CPU
		{7CEC5B0E-4CC9-4367-9623-D7B2C4DCC539}.Release|Any CPU.ActiveCfg = Release|Any CPU
		{7CEC5B0E-4CC9-4367-9623-D7B2C4DCC539}.Release|Any CPU.Build.0 = Release|Any CPU
		{9A3D7AA8-53B2-45ED-B4D0-04FF858AD6F4}.Debug|Any CPU.ActiveCfg = Debug|Any CPU
		{9A3D7AA8-53B2-45ED-B4D0-04FF858AD6F4}.Debug|Any CPU.Build.0 = Debug|Any CPU
		{9A3D7AA8-53B2-45ED-B4D0-04FF858AD6F4}.Release|Any CPU.ActiveCfg = Release|Any CPU
		{9A3D7AA8-53B2-45ED-B4D0-04FF858AD6F4}.Release|Any CPU.Build.0 = Release|Any CPU
		{2B95CAAF-E152-421A-85D4-4484C3C93D1F}.Debug|Any CPU.ActiveCfg = Debug|Any CPU
		{2B95CAAF-E152-421A-85D4-4484C3C93D1F}.Debug|Any CPU.Build.0 = Debug|Any CPU
		{2B95CAAF-E152-421A-85D4-4484C3C93D1F}.Release|Any CPU.ActiveCfg = Release|Any CPU
		{2B95CAAF-E152-421A-85D4-4484C3C93D1F}.Release|Any CPU.Build.0 = Release|Any CPU
		{F2F9C623-6A72-4254-97AE-92E447EA293F}.Debug|Any CPU.ActiveCfg = Debug|Any CPU
		{F2F9C623-6A72-4254-97AE-92E447EA293F}.Debug|Any CPU.Build.0 = Debug|Any CPU
		{F2F9C623-6A72-4254-97AE-92E447EA293F}.Release|Any CPU.ActiveCfg = Release|Any CPU
		{F2F9C623-6A72-4254-97AE-92E447EA293F}.Release|Any CPU.Build.0 = Release|Any CPU
		{3A36F9CD-6867-44F6-B167-9A1A1A387A6C}.Debug|Any CPU.ActiveCfg = Debug|Any CPU
		{3A36F9CD-6867-44F6-B167-9A1A1A387A6C}.Debug|Any CPU.Build.0 = Debug|Any CPU
		{3A36F9CD-6867-44F6-B167-9A1A1A387A6C}.Release|Any CPU.ActiveCfg = Release|Any CPU
		{3A36F9CD-6867-44F6-B167-9A1A1A387A6C}.Release|Any CPU.Build.0 = Release|Any CPU
		{1CDB1610-C7AF-4F71-AAF8-813C1FA1029B}.Debug|Any CPU.ActiveCfg = Debug|Any CPU
		{1CDB1610-C7AF-4F71-AAF8-813C1FA1029B}.Debug|Any CPU.Build.0 = Debug|Any CPU
		{1CDB1610-C7AF-4F71-AAF8-813C1FA1029B}.Release|Any CPU.ActiveCfg = Release|Any CPU
		{1CDB1610-C7AF-4F71-AAF8-813C1FA1029B}.Release|Any CPU.Build.0 = Release|Any CPU
		{98EE9F97-83B7-48A9-A2FD-CFD3DDF3967C}.Debug|Any CPU.ActiveCfg = Debug|Any CPU
		{98EE9F97-83B7-48A9-A2FD-CFD3DDF3967C}.Debug|Any CPU.Build.0 = Debug|Any CPU
		{98EE9F97-83B7-48A9-A2FD-CFD3DDF3967C}.Release|Any CPU.ActiveCfg = Release|Any CPU
		{98EE9F97-83B7-48A9-A2FD-CFD3DDF3967C}.Release|Any CPU.Build.0 = Release|Any CPU
		{8484A3B7-5E78-43A8-8A20-58103CE1185B}.Debug|Any CPU.ActiveCfg = Debug|Any CPU
		{8484A3B7-5E78-43A8-8A20-58103CE1185B}.Debug|Any CPU.Build.0 = Debug|Any CPU
		{8484A3B7-5E78-43A8-8A20-58103CE1185B}.Release|Any CPU.ActiveCfg = Release|Any CPU
		{8484A3B7-5E78-43A8-8A20-58103CE1185B}.Release|Any CPU.Build.0 = Release|Any CPU
		{2444B931-8B2A-4746-9450-BE927C5A51DD}.Debug|Any CPU.ActiveCfg = Debug|Any CPU
		{2444B931-8B2A-4746-9450-BE927C5A51DD}.Debug|Any CPU.Build.0 = Debug|Any CPU
		{2444B931-8B2A-4746-9450-BE927C5A51DD}.Release|Any CPU.ActiveCfg = Release|Any CPU
		{2444B931-8B2A-4746-9450-BE927C5A51DD}.Release|Any CPU.Build.0 = Release|Any CPU
		{94F883B0-7A0D-49CD-A95A-26DEE7D7663D}.Debug|Any CPU.ActiveCfg = Debug|Any CPU
		{94F883B0-7A0D-49CD-A95A-26DEE7D7663D}.Debug|Any CPU.Build.0 = Debug|Any CPU
		{94F883B0-7A0D-49CD-A95A-26DEE7D7663D}.Release|Any CPU.ActiveCfg = Release|Any CPU
		{94F883B0-7A0D-49CD-A95A-26DEE7D7663D}.Release|Any CPU.Build.0 = Release|Any CPU
		{1CCF2895-AD93-4211-8C56-677540AD8782}.Debug|Any CPU.ActiveCfg = Debug|Any CPU
		{1CCF2895-AD93-4211-8C56-677540AD8782}.Debug|Any CPU.Build.0 = Debug|Any CPU
		{1CCF2895-AD93-4211-8C56-677540AD8782}.Release|Any CPU.ActiveCfg = Release|Any CPU
		{1CCF2895-AD93-4211-8C56-677540AD8782}.Release|Any CPU.Build.0 = Release|Any CPU
		{12EA6002-5D1D-4F20-8B89-CF494B6EB9FC}.Debug|Any CPU.ActiveCfg = Debug|Any CPU
		{12EA6002-5D1D-4F20-8B89-CF494B6EB9FC}.Debug|Any CPU.Build.0 = Debug|Any CPU
		{12EA6002-5D1D-4F20-8B89-CF494B6EB9FC}.Release|Any CPU.ActiveCfg = Release|Any CPU
		{12EA6002-5D1D-4F20-8B89-CF494B6EB9FC}.Release|Any CPU.Build.0 = Release|Any CPU
	EndGlobalSection
	GlobalSection(SolutionProperties) = preSolution
		HideSolutionNode = FALSE
	EndGlobalSection
EndGlobal
