
Microsoft Visual Studio Solution File, Format Version 12.00
# Visual Studio 14
VisualStudioVersion = 14.0.25420.1
MinimumVisualStudioVersion = 10.0.40219.1
Project("{2150E333-8FDC-42A3-9474-1A3956D46DE8}") = "UI", "UI", "{03D1EEEA-BD6B-486D-B9D2-48EB8112BABC}"
EndProject
Project("{2150E333-8FDC-42A3-9474-1A3956D46DE8}") = "BLL", "BLL", "{F721FFB5-B9D9-4941-A3C0-3F38A07B6B6C}"
EndProject
Project("{2150E333-8FDC-42A3-9474-1A3956D46DE8}") = "DAL", "DAL", "{B8C4A4E0-02C8-4539-B8D6-7D4C7600EB00}"
EndProject
Project("{2150E333-8FDC-42A3-9474-1A3956D46DE8}") = "Extensions", "Extensions", "{B1F12A04-1074-4F15-AD87-7AB587E6A7B1}"
EndProject
Project("{FAE04EC0-301F-11D3-BF4B-00C04F79EFBC}") = "KamDMS.Entities", "KamDMS.Entities\KamDMS.Entities.csproj", "{4347A050-DDA4-46F3-AF91-8948884056E6}"
EndProject
Project("{FAE04EC0-301F-11D3-BF4B-00C04F79EFBC}") = "KamDMS.DaoContracts", "KamDMS.DaoContracts\KamDMS.DaoContracts.csproj", "{8F2C58EE-04C0-4901-803C-ED36E5CF5DAF}"
EndProject
Project("{FAE04EC0-301F-11D3-BF4B-00C04F79EFBC}") = "KamDMS.EFDomain", "KamDMS.EFDomain\KamDMS.EFDomain.csproj", "{4C0F7F03-4D86-4B3E-A04E-BF8C167050E8}"
EndProject
Project("{FAE04EC0-301F-11D3-BF4B-00C04F79EFBC}") = "KamDMS.Service", "KamDMS.ServiceContracts\KamDMS.Service.csproj", "{0CAC49E2-89CC-42CB-84B6-370E36196545}"
EndProject
Project("{FAE04EC0-301F-11D3-BF4B-00C04F79EFBC}") = "KamDMS.ServiceContract", "KamDMS.Service\KamDMS.ServiceContract.csproj", "{2443EE85-E389-427A-AC20-099CC08CD9DE}"
EndProject
Project("{FAE04EC0-301F-11D3-BF4B-00C04F79EFBC}") = "KamDMS.WebUI", "KamDMS.WebUI\KamDMS.WebUI.csproj", "{A285CF50-CF66-4B4C-9B84-368305B6A019}"
EndProject
Project("{FAE04EC0-301F-11D3-BF4B-00C04F79EFBC}") = "KamDMS.Extension", "KamDMS.Extension\KamDMS.Extension.csproj", "{9090D2DE-591C-40A7-B1C9-AC5A5B450609}"
EndProject
Global
	GlobalSection(SolutionConfigurationPlatforms) = preSolution
		Debug|Any CPU = Debug|Any CPU
		Release|Any CPU = Release|Any CPU
	EndGlobalSection
	GlobalSection(ProjectConfigurationPlatforms) = postSolution
		{4347A050-DDA4-46F3-AF91-8948884056E6}.Debug|Any CPU.ActiveCfg = Debug|Any CPU
		{4347A050-DDA4-46F3-AF91-8948884056E6}.Debug|Any CPU.Build.0 = Debug|Any CPU
		{4347A050-DDA4-46F3-AF91-8948884056E6}.Release|Any CPU.ActiveCfg = Release|Any CPU
		{4347A050-DDA4-46F3-AF91-8948884056E6}.Release|Any CPU.Build.0 = Release|Any CPU
		{8F2C58EE-04C0-4901-803C-ED36E5CF5DAF}.Debug|Any CPU.ActiveCfg = Debug|Any CPU
		{8F2C58EE-04C0-4901-803C-ED36E5CF5DAF}.Debug|Any CPU.Build.0 = Debug|Any CPU
		{8F2C58EE-04C0-4901-803C-ED36E5CF5DAF}.Release|Any CPU.ActiveCfg = Release|Any CPU
		{8F2C58EE-04C0-4901-803C-ED36E5CF5DAF}.Release|Any CPU.Build.0 = Release|Any CPU
		{4C0F7F03-4D86-4B3E-A04E-BF8C167050E8}.Debug|Any CPU.ActiveCfg = Debug|Any CPU
		{4C0F7F03-4D86-4B3E-A04E-BF8C167050E8}.Debug|Any CPU.Build.0 = Debug|Any CPU
		{4C0F7F03-4D86-4B3E-A04E-BF8C167050E8}.Release|Any CPU.ActiveCfg = Release|Any CPU
		{4C0F7F03-4D86-4B3E-A04E-BF8C167050E8}.Release|Any CPU.Build.0 = Release|Any CPU
		{0CAC49E2-89CC-42CB-84B6-370E36196545}.Debug|Any CPU.ActiveCfg = Debug|Any CPU
		{0CAC49E2-89CC-42CB-84B6-370E36196545}.Debug|Any CPU.Build.0 = Debug|Any CPU
		{0CAC49E2-89CC-42CB-84B6-370E36196545}.Release|Any CPU.ActiveCfg = Release|Any CPU
		{0CAC49E2-89CC-42CB-84B6-370E36196545}.Release|Any CPU.Build.0 = Release|Any CPU
		{2443EE85-E389-427A-AC20-099CC08CD9DE}.Debug|Any CPU.ActiveCfg = Debug|Any CPU
		{2443EE85-E389-427A-AC20-099CC08CD9DE}.Debug|Any CPU.Build.0 = Debug|Any CPU
		{2443EE85-E389-427A-AC20-099CC08CD9DE}.Release|Any CPU.ActiveCfg = Release|Any CPU
		{2443EE85-E389-427A-AC20-099CC08CD9DE}.Release|Any CPU.Build.0 = Release|Any CPU
		{A285CF50-CF66-4B4C-9B84-368305B6A019}.Debug|Any CPU.ActiveCfg = Debug|Any CPU
		{A285CF50-CF66-4B4C-9B84-368305B6A019}.Debug|Any CPU.Build.0 = Debug|Any CPU
		{A285CF50-CF66-4B4C-9B84-368305B6A019}.Release|Any CPU.ActiveCfg = Release|Any CPU
		{A285CF50-CF66-4B4C-9B84-368305B6A019}.Release|Any CPU.Build.0 = Release|Any CPU
		{9090D2DE-591C-40A7-B1C9-AC5A5B450609}.Debug|Any CPU.ActiveCfg = Debug|Any CPU
		{9090D2DE-591C-40A7-B1C9-AC5A5B450609}.Debug|Any CPU.Build.0 = Debug|Any CPU
		{9090D2DE-591C-40A7-B1C9-AC5A5B450609}.Release|Any CPU.ActiveCfg = Release|Any CPU
		{9090D2DE-591C-40A7-B1C9-AC5A5B450609}.Release|Any CPU.Build.0 = Release|Any CPU
	EndGlobalSection
	GlobalSection(SolutionProperties) = preSolution
		HideSolutionNode = FALSE
	EndGlobalSection
	GlobalSection(NestedProjects) = preSolution
		{4347A050-DDA4-46F3-AF91-8948884056E6} = {B1F12A04-1074-4F15-AD87-7AB587E6A7B1}
		{8F2C58EE-04C0-4901-803C-ED36E5CF5DAF} = {B8C4A4E0-02C8-4539-B8D6-7D4C7600EB00}
		{4C0F7F03-4D86-4B3E-A04E-BF8C167050E8} = {B8C4A4E0-02C8-4539-B8D6-7D4C7600EB00}
		{0CAC49E2-89CC-42CB-84B6-370E36196545} = {F721FFB5-B9D9-4941-A3C0-3F38A07B6B6C}
		{2443EE85-E389-427A-AC20-099CC08CD9DE} = {F721FFB5-B9D9-4941-A3C0-3F38A07B6B6C}
		{A285CF50-CF66-4B4C-9B84-368305B6A019} = {03D1EEEA-BD6B-486D-B9D2-48EB8112BABC}
		{9090D2DE-591C-40A7-B1C9-AC5A5B450609} = {B1F12A04-1074-4F15-AD87-7AB587E6A7B1}
	EndGlobalSection
EndGlobal
