
Microsoft Visual Studio Solution File, Format Version 12.00
# Visual Studio 14
VisualStudioVersion = 14.0.25420.1
MinimumVisualStudioVersion = 10.0.40219.1
Project("{FAE04EC0-301F-11D3-BF4B-00C04F79EFBC}") = "Epam.Users.UI", "Epam.Users.UI\Epam.Users.UI.csproj", "{61996E9F-D8D9-46CC-ABFA-6B36FBF77A67}"
EndProject
Project("{2150E333-8FDC-42A3-9474-1A3956D46DE8}") = "UI", "UI", "{69DDA867-CBFE-4CE1-B3B8-820A88DAA6FD}"
EndProject
Project("{2150E333-8FDC-42A3-9474-1A3956D46DE8}") = "BLL", "BLL", "{F290ACAD-0591-409F-83A2-54FE1A0E7B13}"
EndProject
Project("{2150E333-8FDC-42A3-9474-1A3956D46DE8}") = "DAL", "DAL", "{25C2BFC2-237A-4226-B4BD-8C3FC20E5861}"
EndProject
Project("{2150E333-8FDC-42A3-9474-1A3956D46DE8}") = "Tools", "Tools", "{B6CAADBC-A848-478D-B72D-A835F3B3EE33}"
EndProject
Project("{2150E333-8FDC-42A3-9474-1A3956D46DE8}") = "Entities", "Entities", "{F5AF0614-1925-459D-8630-779E90E72A26}"
EndProject
Project("{FAE04EC0-301F-11D3-BF4B-00C04F79EFBC}") = "Epam.Users.Entities", "Epam.Users.Entities\Epam.Users.Entities.csproj", "{2145E74E-0D9B-490A-9CC6-CF7FBB809164}"
EndProject
Project("{FAE04EC0-301F-11D3-BF4B-00C04F79EFBC}") = "Epam.Users.Constants", "Epam.Users.Constants\Epam.Users.Constants.csproj", "{5B8DE1B5-6D8A-4E73-8005-52DC8ACF8AA7}"
EndProject
Project("{FAE04EC0-301F-11D3-BF4B-00C04F79EFBC}") = "Epam.Users.DAOContracts", "Epam.Users.DAOContracts\Epam.Users.DAOContracts.csproj", "{42EE778D-BB7F-429A-BCF7-658450055521}"
EndProject
Project("{FAE04EC0-301F-11D3-BF4B-00C04F79EFBC}") = "Epam.Users.FileDAL", "Epam.Users.FileDAL\Epam.Users.FileDAL.csproj", "{98597AAE-4D10-4034-A24B-FA36BD4B4F0F}"
EndProject
Project("{FAE04EC0-301F-11D3-BF4B-00C04F79EFBC}") = "Epam.Users.Extension", "Epam.Users.Extension\Epam.Users.Extension.csproj", "{DD49D8D0-AF47-4C84-9C8D-6FC304A744A6}"
EndProject
Project("{FAE04EC0-301F-11D3-BF4B-00C04F79EFBC}") = "Epam.Users.LogicContracts", "Epam.Users.LogicContracts\Epam.Users.LogicContracts.csproj", "{51A5CD4A-3498-42B2-A5BB-011AE6AAC9B9}"
EndProject
Project("{FAE04EC0-301F-11D3-BF4B-00C04F79EFBC}") = "Epam.Users.Logic", "Epam.Users.Logic\Epam.Users.Logic.csproj", "{83A2E618-7545-4C14-97CA-F7B4A44F9239}"
EndProject
Global
	GlobalSection(SolutionConfigurationPlatforms) = preSolution
		Debug|Any CPU = Debug|Any CPU
		Release|Any CPU = Release|Any CPU
	EndGlobalSection
	GlobalSection(ProjectConfigurationPlatforms) = postSolution
		{61996E9F-D8D9-46CC-ABFA-6B36FBF77A67}.Debug|Any CPU.ActiveCfg = Debug|Any CPU
		{61996E9F-D8D9-46CC-ABFA-6B36FBF77A67}.Debug|Any CPU.Build.0 = Debug|Any CPU
		{61996E9F-D8D9-46CC-ABFA-6B36FBF77A67}.Release|Any CPU.ActiveCfg = Release|Any CPU
		{61996E9F-D8D9-46CC-ABFA-6B36FBF77A67}.Release|Any CPU.Build.0 = Release|Any CPU
		{2145E74E-0D9B-490A-9CC6-CF7FBB809164}.Debug|Any CPU.ActiveCfg = Debug|Any CPU
		{2145E74E-0D9B-490A-9CC6-CF7FBB809164}.Debug|Any CPU.Build.0 = Debug|Any CPU
		{2145E74E-0D9B-490A-9CC6-CF7FBB809164}.Release|Any CPU.ActiveCfg = Release|Any CPU
		{2145E74E-0D9B-490A-9CC6-CF7FBB809164}.Release|Any CPU.Build.0 = Release|Any CPU
		{5B8DE1B5-6D8A-4E73-8005-52DC8ACF8AA7}.Debug|Any CPU.ActiveCfg = Debug|Any CPU
		{5B8DE1B5-6D8A-4E73-8005-52DC8ACF8AA7}.Debug|Any CPU.Build.0 = Debug|Any CPU
		{5B8DE1B5-6D8A-4E73-8005-52DC8ACF8AA7}.Release|Any CPU.ActiveCfg = Release|Any CPU
		{5B8DE1B5-6D8A-4E73-8005-52DC8ACF8AA7}.Release|Any CPU.Build.0 = Release|Any CPU
		{42EE778D-BB7F-429A-BCF7-658450055521}.Debug|Any CPU.ActiveCfg = Debug|Any CPU
		{42EE778D-BB7F-429A-BCF7-658450055521}.Debug|Any CPU.Build.0 = Debug|Any CPU
		{42EE778D-BB7F-429A-BCF7-658450055521}.Release|Any CPU.ActiveCfg = Release|Any CPU
		{42EE778D-BB7F-429A-BCF7-658450055521}.Release|Any CPU.Build.0 = Release|Any CPU
		{98597AAE-4D10-4034-A24B-FA36BD4B4F0F}.Debug|Any CPU.ActiveCfg = Debug|Any CPU
		{98597AAE-4D10-4034-A24B-FA36BD4B4F0F}.Debug|Any CPU.Build.0 = Debug|Any CPU
		{98597AAE-4D10-4034-A24B-FA36BD4B4F0F}.Release|Any CPU.ActiveCfg = Release|Any CPU
		{98597AAE-4D10-4034-A24B-FA36BD4B4F0F}.Release|Any CPU.Build.0 = Release|Any CPU
		{DD49D8D0-AF47-4C84-9C8D-6FC304A744A6}.Debug|Any CPU.ActiveCfg = Debug|Any CPU
		{DD49D8D0-AF47-4C84-9C8D-6FC304A744A6}.Debug|Any CPU.Build.0 = Debug|Any CPU
		{DD49D8D0-AF47-4C84-9C8D-6FC304A744A6}.Release|Any CPU.ActiveCfg = Release|Any CPU
		{DD49D8D0-AF47-4C84-9C8D-6FC304A744A6}.Release|Any CPU.Build.0 = Release|Any CPU
		{51A5CD4A-3498-42B2-A5BB-011AE6AAC9B9}.Debug|Any CPU.ActiveCfg = Debug|Any CPU
		{51A5CD4A-3498-42B2-A5BB-011AE6AAC9B9}.Debug|Any CPU.Build.0 = Debug|Any CPU
		{51A5CD4A-3498-42B2-A5BB-011AE6AAC9B9}.Release|Any CPU.ActiveCfg = Release|Any CPU
		{51A5CD4A-3498-42B2-A5BB-011AE6AAC9B9}.Release|Any CPU.Build.0 = Release|Any CPU
		{83A2E618-7545-4C14-97CA-F7B4A44F9239}.Debug|Any CPU.ActiveCfg = Debug|Any CPU
		{83A2E618-7545-4C14-97CA-F7B4A44F9239}.Debug|Any CPU.Build.0 = Debug|Any CPU
		{83A2E618-7545-4C14-97CA-F7B4A44F9239}.Release|Any CPU.ActiveCfg = Release|Any CPU
		{83A2E618-7545-4C14-97CA-F7B4A44F9239}.Release|Any CPU.Build.0 = Release|Any CPU
	EndGlobalSection
	GlobalSection(SolutionProperties) = preSolution
		HideSolutionNode = FALSE
	EndGlobalSection
	GlobalSection(NestedProjects) = preSolution
		{61996E9F-D8D9-46CC-ABFA-6B36FBF77A67} = {69DDA867-CBFE-4CE1-B3B8-820A88DAA6FD}
		{2145E74E-0D9B-490A-9CC6-CF7FBB809164} = {F5AF0614-1925-459D-8630-779E90E72A26}
		{5B8DE1B5-6D8A-4E73-8005-52DC8ACF8AA7} = {B6CAADBC-A848-478D-B72D-A835F3B3EE33}
		{42EE778D-BB7F-429A-BCF7-658450055521} = {25C2BFC2-237A-4226-B4BD-8C3FC20E5861}
		{98597AAE-4D10-4034-A24B-FA36BD4B4F0F} = {25C2BFC2-237A-4226-B4BD-8C3FC20E5861}
		{DD49D8D0-AF47-4C84-9C8D-6FC304A744A6} = {B6CAADBC-A848-478D-B72D-A835F3B3EE33}
		{51A5CD4A-3498-42B2-A5BB-011AE6AAC9B9} = {F290ACAD-0591-409F-83A2-54FE1A0E7B13}
		{83A2E618-7545-4C14-97CA-F7B4A44F9239} = {F290ACAD-0591-409F-83A2-54FE1A0E7B13}
	EndGlobalSection
EndGlobal
